
Microsoft Visual Studio Solution File, Format Version 12.00
# Visual Studio 15
VisualStudioVersion = 15.0.28307.1321
MinimumVisualStudioVersion = 10.0.40219.1
Project("{FAE04EC0-301F-11D3-BF4B-00C04F79EFBC}") = "SimpleControl", "SimpleControl\SimpleControl.csproj", "{C78E92C4-7F6C-4F4F-91E2-AA797D9CC91C}"
EndProject
Project("{FAE04EC0-301F-11D3-BF4B-00C04F79EFBC}") = "SimpleControl.Demo", "SimpleControl.Demo\SimpleControl.Demo.csproj", "{B6017006-3A65-470C-8E40-3DD26C952802}"
EndProject
Global
	GlobalSection(SolutionConfigurationPlatforms) = preSolution
		Debug|Any CPU = Debug|Any CPU
		Release|Any CPU = Release|Any CPU
	EndGlobalSection
	GlobalSection(ProjectConfigurationPlatforms) = postSolution
		{C78E92C4-7F6C-4F4F-91E2-AA797D9CC91C}.Debug|Any CPU.ActiveCfg = Debug|Any CPU
		{C78E92C4-7F6C-4F4F-91E2-AA797D9CC91C}.Debug|Any CPU.Build.0 = Debug|Any CPU
		{C78E92C4-7F6C-4F4F-91E2-AA797D9CC91C}.Release|Any CPU.ActiveCfg = Release|Any CPU
		{C78E92C4-7F6C-4F4F-91E2-AA797D9CC91C}.Release|Any CPU.Build.0 = Release|Any CPU
		{B6017006-3A65-470C-8E40-3DD26C952802}.Debug|Any CPU.ActiveCfg = Debug|Any CPU
		{B6017006-3A65-470C-8E40-3DD26C952802}.Debug|Any CPU.Build.0 = Debug|Any CPU
		{B6017006-3A65-470C-8E40-3DD26C952802}.Release|Any CPU.ActiveCfg = Release|Any CPU
		{B6017006-3A65-470C-8E40-3DD26C952802}.Release|Any CPU.Build.0 = Release|Any CPU
	EndGlobalSection
	GlobalSection(SolutionProperties) = preSolution
		HideSolutionNode = FALSE
	EndGlobalSection
	GlobalSection(ExtensibilityGlobals) = postSolution
		SolutionGuid = {6410550F-A344-4C6B-87AE-E9803E334535}
	EndGlobalSection
EndGlobal
